
Microsoft Visual Studio Solution File, Format Version 12.00
# Visual Studio 15
VisualStudioVersion = 15.0.27130.2010
MinimumVisualStudioVersion = 10.0.40219.1
Project("{FAE04EC0-301F-11D3-BF4B-00C04F79EFBC}") = "AzureTableStoragePocoConverter", "AzureTableStoragePocoConverter\AzureTableStoragePocoConverter.csproj", "{889A9F55-241E-4822-AAE0-BFD08B647BDC}"
EndProject
Project("{2150E333-8FDC-42A3-9474-1A3956D46DE8}") = "Solution Items", "Solution Items", "{C7B5F74C-6453-43A9-A318-6BBB3F62FBD5}"
	ProjectSection(SolutionItems) = preProject
		.gitignore = .gitignore
		appveyor.yml = appveyor.yml
		LICENSE = LICENSE
		README.md = README.md
	EndProjectSection
EndProject
Global
	GlobalSection(SolutionConfigurationPlatforms) = preSolution
		Debug|Any CPU = Debug|Any CPU
		Release|Any CPU = Release|Any CPU
	EndGlobalSection
	GlobalSection(ProjectConfigurationPlatforms) = postSolution
		{889A9F55-241E-4822-AAE0-BFD08B647BDC}.Debug|Any CPU.ActiveCfg = Debug|Any CPU
		{889A9F55-241E-4822-AAE0-BFD08B647BDC}.Debug|Any CPU.Build.0 = Debug|Any CPU
		{889A9F55-241E-4822-AAE0-BFD08B647BDC}.Release|Any CPU.ActiveCfg = Release|Any CPU
		{889A9F55-241E-4822-AAE0-BFD08B647BDC}.Release|Any CPU.Build.0 = Release|Any CPU
	EndGlobalSection
	GlobalSection(SolutionProperties) = preSolution
		HideSolutionNode = FALSE
	EndGlobalSection
	GlobalSection(ExtensibilityGlobals) = postSolution
		SolutionGuid = {16F6DB00-E7A2-4EE8-9021-7D226EBBD259}
	EndGlobalSection
EndGlobal
